
Microsoft Visual Studio Solution File, Format Version 12.00
# Visual Studio Version 17
VisualStudioVersion = 17.6.33815.320
MinimumVisualStudioVersion = 10.0.40219.1
Project("{FAE04EC0-301F-11D3-BF4B-00C04F79EFBC}") = "Desafio_2", "Desafio_2\Desafio_2.csproj", "{AD90E1C1-5C74-4310-B7B9-A900B1856825}"
EndProject
Global
	GlobalSection(SolutionConfigurationPlatforms) = preSolution
		Debug|Any CPU = Debug|Any CPU
		Release|Any CPU = Release|Any CPU
	EndGlobalSection
	GlobalSection(ProjectConfigurationPlatforms) = postSolution
		{AD90E1C1-5C74-4310-B7B9-A900B1856825}.Debug|Any CPU.ActiveCfg = Debug|Any CPU
		{AD90E1C1-5C74-4310-B7B9-A900B1856825}.Debug|Any CPU.Build.0 = Debug|Any CPU
		{AD90E1C1-5C74-4310-B7B9-A900B1856825}.Release|Any CPU.ActiveCfg = Release|Any CPU
		{AD90E1C1-5C74-4310-B7B9-A900B1856825}.Release|Any CPU.Build.0 = Release|Any CPU
	EndGlobalSection
	GlobalSection(SolutionProperties) = preSolution
		HideSolutionNode = FALSE
	EndGlobalSection
	GlobalSection(ExtensibilityGlobals) = postSolution
		SolutionGuid = {1AAAAFD9-64FD-4E8C-AD24-DEA0D725F0FD}
	EndGlobalSection
EndGlobal
