
Microsoft Visual Studio Solution File, Format Version 12.00
# Visual Studio Version 17
VisualStudioVersion = 17.6.33815.320
MinimumVisualStudioVersion = 10.0.40219.1
Project("{FAE04EC0-301F-11D3-BF4B-00C04F79EFBC}") = "Desafio_1", "Desafio_1\Desafio_1.csproj", "{778EA945-1797-4E3B-A7C9-B0DF32DF88D4}"
EndProject
Global
	GlobalSection(SolutionConfigurationPlatforms) = preSolution
		Debug|Any CPU = Debug|Any CPU
		Release|Any CPU = Release|Any CPU
	EndGlobalSection
	GlobalSection(ProjectConfigurationPlatforms) = postSolution
		{778EA945-1797-4E3B-A7C9-B0DF32DF88D4}.Debug|Any CPU.ActiveCfg = Debug|Any CPU
		{778EA945-1797-4E3B-A7C9-B0DF32DF88D4}.Debug|Any CPU.Build.0 = Debug|Any CPU
		{778EA945-1797-4E3B-A7C9-B0DF32DF88D4}.Release|Any CPU.ActiveCfg = Release|Any CPU
		{778EA945-1797-4E3B-A7C9-B0DF32DF88D4}.Release|Any CPU.Build.0 = Release|Any CPU
	EndGlobalSection
	GlobalSection(SolutionProperties) = preSolution
		HideSolutionNode = FALSE
	EndGlobalSection
	GlobalSection(ExtensibilityGlobals) = postSolution
		SolutionGuid = {23F746B1-EB5C-418C-A664-CB296B8AE557}
	EndGlobalSection
EndGlobal
